
Microsoft Visual Studio Solution File, Format Version 12.00
# Visual Studio 15
VisualStudioVersion = 15.0.28307.779
MinimumVisualStudioVersion = 10.0.40219.1
Project("{9A19103F-16F7-4668-BE54-9A1E7A4F7556}") = "DataAccessLayer", "DataAccessLayer\DataAccessLayer.csproj", "{23B67241-CF66-4C4F-9C37-4B3EB847C1D6}"
EndProject
Project("{9A19103F-16F7-4668-BE54-9A1E7A4F7556}") = "Infrastructure", "Infrastructure\Infrastructure.csproj", "{3EE6E15F-5972-44CE-A77E-3035EA14D28B}"
EndProject
Project("{9A19103F-16F7-4668-BE54-9A1E7A4F7556}") = "ApplicationUI", "ApplicationUI\ApplicationUI.csproj", "{85CDECE9-78F3-4C25-B001-EF6C60FC2672}"
EndProject
Project("{FAE04EC0-301F-11D3-BF4B-00C04F79EFBC}") = "Services", "Services\Services.csproj", "{32ED6F14-F279-4ECC-95AF-0AA43CC84975}"
EndProject
Global
	GlobalSection(SolutionConfigurationPlatforms) = preSolution
		Debug|Any CPU = Debug|Any CPU
		Release|Any CPU = Release|Any CPU
	EndGlobalSection
	GlobalSection(ProjectConfigurationPlatforms) = postSolution
		{23B67241-CF66-4C4F-9C37-4B3EB847C1D6}.Debug|Any CPU.ActiveCfg = Debug|Any CPU
		{23B67241-CF66-4C4F-9C37-4B3EB847C1D6}.Debug|Any CPU.Build.0 = Debug|Any CPU
		{23B67241-CF66-4C4F-9C37-4B3EB847C1D6}.Release|Any CPU.ActiveCfg = Release|Any CPU
		{23B67241-CF66-4C4F-9C37-4B3EB847C1D6}.Release|Any CPU.Build.0 = Release|Any CPU
		{3EE6E15F-5972-44CE-A77E-3035EA14D28B}.Debug|Any CPU.ActiveCfg = Debug|Any CPU
		{3EE6E15F-5972-44CE-A77E-3035EA14D28B}.Debug|Any CPU.Build.0 = Debug|Any CPU
		{3EE6E15F-5972-44CE-A77E-3035EA14D28B}.Release|Any CPU.ActiveCfg = Release|Any CPU
		{3EE6E15F-5972-44CE-A77E-3035EA14D28B}.Release|Any CPU.Build.0 = Release|Any CPU
		{85CDECE9-78F3-4C25-B001-EF6C60FC2672}.Debug|Any CPU.ActiveCfg = Debug|Any CPU
		{85CDECE9-78F3-4C25-B001-EF6C60FC2672}.Debug|Any CPU.Build.0 = Debug|Any CPU
		{85CDECE9-78F3-4C25-B001-EF6C60FC2672}.Release|Any CPU.ActiveCfg = Release|Any CPU
		{85CDECE9-78F3-4C25-B001-EF6C60FC2672}.Release|Any CPU.Build.0 = Release|Any CPU
		{32ED6F14-F279-4ECC-95AF-0AA43CC84975}.Debug|Any CPU.ActiveCfg = Debug|Any CPU
		{32ED6F14-F279-4ECC-95AF-0AA43CC84975}.Debug|Any CPU.Build.0 = Debug|Any CPU
		{32ED6F14-F279-4ECC-95AF-0AA43CC84975}.Release|Any CPU.ActiveCfg = Release|Any CPU
		{32ED6F14-F279-4ECC-95AF-0AA43CC84975}.Release|Any CPU.Build.0 = Release|Any CPU
	EndGlobalSection
	GlobalSection(SolutionProperties) = preSolution
		HideSolutionNode = FALSE
	EndGlobalSection
	GlobalSection(ExtensibilityGlobals) = postSolution
		SolutionGuid = {5A13084E-E12E-4573-846C-0AABA64F2EF3}
	EndGlobalSection
EndGlobal
