
Microsoft Visual Studio Solution File, Format Version 12.00
# Visual Studio 15
VisualStudioVersion = 15.0.28307.779
MinimumVisualStudioVersion = 10.0.40219.1
Project("{9A19103F-16F7-4668-BE54-9A1E7A4F7556}") = "DataAccessLayer", "DataAccessLayer\DataAccessLayer.csproj", "{23B67241-CF66-4C4F-9C37-4B3EB847C1D6}"
EndProject
Project("{9A19103F-16F7-4668-BE54-9A1E7A4F7556}") = "TestUI", "TestUI\TestUI.csproj", "{5FCB7896-89A4-422B-AFE9-5B876785C054}"
EndProject
Project("{FAE04EC0-301F-11D3-BF4B-00C04F79EFBC}") = "Infrastructure", "Infrastructure\Infrastructure.csproj", "{3EE6E15F-5972-44CE-A77E-3035EA14D28B}"
EndProject
Global
	GlobalSection(SolutionConfigurationPlatforms) = preSolution
		Debug|Any CPU = Debug|Any CPU
		Release|Any CPU = Release|Any CPU
	EndGlobalSection
	GlobalSection(ProjectConfigurationPlatforms) = postSolution
		{23B67241-CF66-4C4F-9C37-4B3EB847C1D6}.Debug|Any CPU.ActiveCfg = Debug|Any CPU
		{23B67241-CF66-4C4F-9C37-4B3EB847C1D6}.Debug|Any CPU.Build.0 = Debug|Any CPU
		{23B67241-CF66-4C4F-9C37-4B3EB847C1D6}.Release|Any CPU.ActiveCfg = Release|Any CPU
		{23B67241-CF66-4C4F-9C37-4B3EB847C1D6}.Release|Any CPU.Build.0 = Release|Any CPU
		{5FCB7896-89A4-422B-AFE9-5B876785C054}.Debug|Any CPU.ActiveCfg = Debug|Any CPU
		{5FCB7896-89A4-422B-AFE9-5B876785C054}.Debug|Any CPU.Build.0 = Debug|Any CPU
		{5FCB7896-89A4-422B-AFE9-5B876785C054}.Release|Any CPU.ActiveCfg = Release|Any CPU
		{5FCB7896-89A4-422B-AFE9-5B876785C054}.Release|Any CPU.Build.0 = Release|Any CPU
		{3EE6E15F-5972-44CE-A77E-3035EA14D28B}.Debug|Any CPU.ActiveCfg = Debug|Any CPU
		{3EE6E15F-5972-44CE-A77E-3035EA14D28B}.Debug|Any CPU.Build.0 = Debug|Any CPU
		{3EE6E15F-5972-44CE-A77E-3035EA14D28B}.Release|Any CPU.ActiveCfg = Release|Any CPU
		{3EE6E15F-5972-44CE-A77E-3035EA14D28B}.Release|Any CPU.Build.0 = Release|Any CPU
	EndGlobalSection
	GlobalSection(SolutionProperties) = preSolution
		HideSolutionNode = FALSE
	EndGlobalSection
	GlobalSection(ExtensibilityGlobals) = postSolution
		SolutionGuid = {5A13084E-E12E-4573-846C-0AABA64F2EF3}
	EndGlobalSection
EndGlobal
